<?xml version="1.0" encoding="utf-8"?>
<Project ToolsVersion="4.0" xmlns="http://schemas.microsoft.com/developer/msbuild/2003">
  <ItemGroup>
    <Filter Include="Fichiers sources">
      <UniqueIdentifier>{4FC737F1-C7A5-4376-A066-2A32D752A2FF}</UniqueIdentifier>
      <Extensions>cpp;c;cc;cxx;c++;cppm;ixx;def;odl;idl;hpj;bat;asm;asmx</Extensions>
    </Filter>
    <Filter Include="Fichiers d%27en-tête">
      <UniqueIdentifier>{93995380-89BD-4b04-88EB-625FBE52EBFB}</UniqueIdentifier>
      <Extensions>h;hh;hpp;hxx;h++;hm;inl;inc;ipp;xsd</Extensions>
    </Filter>
    <Filter Include="Fichiers de ressources">
      <UniqueIdentifier>{67DA6AB6-F800-4c08-8B7A-83BB121AAD01}</UniqueIdentifier>
      <Extensions>rc;ico;cur;bmp;dlg;rc2;rct;bin;rgs;gif;jpg;jpeg;jpe;resx;tiff;tif;png;wav;mfcribbon-ms</Extensions>
    </Filter>
    <Filter Include="Fichiers de ressources\src">
      <UniqueIdentifier>{703ca8e7-a5ef-495f-99e0-f661c2cc9ae4}</UniqueIdentifier>
    </Filter>
  </ItemGroup>
  <ItemGroup>
    <ClCompile Include="Demineur.c">
      <Filter>Fichiers sources</Filter>
    </ClCompile>
    <ClCompile Include="DynamicArray.c">
      <Filter>Fichiers sources</Filter>
    </ClCompile>
    <ClCompile Include="ia.c">
      <Filter>Fichiers sources</Filter>
    </ClCompile>
    <ClCompile Include="MySDL.c">
      <Filter>Fichiers sources</Filter>
    </ClCompile>
  </ItemGroup>
  <ItemGroup>
    <ClInclude Include="DynamicArray.h">
      <Filter>Fichiers d%27en-tête</Filter>
    </ClInclude>
    <ClInclude Include="ia.h">
      <Filter>Fichiers d%27en-tête</Filter>
    </ClInclude>
    <ClInclude Include="MySDL.h">
      <Filter>Fichiers d%27en-tête</Filter>
    </ClInclude>
    <ClInclude Include="Demineur.h">
      <Filter>Fichiers d%27en-tête</Filter>
    </ClInclude>
  </ItemGroup>
  <ItemGroup>
    <Image Include="src\revealed.png">
      <Filter>Fichiers de ressources\src</Filter>
    </Image>
    <Image Include="src\2.png">
      <Filter>Fichiers de ressources\src</Filter>
    </Image>
    <Image Include="src\3.png">
      <Filter>Fichiers de ressources\src</Filter>
    </Image>
    <Image Include="src\4.png">
      <Filter>Fichiers de ressources\src</Filter>
    </Image>
    <Image Include="src\5.png">
      <Filter>Fichiers de ressources\src</Filter>
    </Image>
    <Image Include="src\6.png">
      <Filter>Fichiers de ressources\src</Filter>
    </Image>
    <Image Include="src\7.png">
      <Filter>Fichiers de ressources\src</Filter>
    </Image>
    <Image Include="src\8.png">
      <Filter>Fichiers de ressources\src</Filter>
    </Image>
    <Image Include="src\bombe(1).png">
      <Filter>Fichiers de ressources\src</Filter>
    </Image>
    <Image Include="src\empty.png">
      <Filter>Fichiers de ressources\src</Filter>
    </Image>
    <Image Include="src\flag.png">
      <Filter>Fichiers de ressources\src</Filter>
    </Image>
    <Image Include="src\1.png">
      <Filter>Fichiers de ressources\src</Filter>
    </Image>
  </ItemGroup>
</Project>